# Generated by buf. DO NOT EDIT.
version: v1
deps:
  - remote: buf.build
    owner: cosmos
    repository: cosmos-proto
    commit: 1935555c206d4afb9e94615dfd0fad31
  - remote: buf.build
    owner: cosmos
    repository: cosmos-sdk
    commit: 7c06e7f6f43c406185136100bfd7b848
  - remote: buf.build
    owner: cosmos
    repository: gogo-proto
    commit: 34d970b699f84aa382f3c29773a60836
  - remote: buf.build
    owner: cosmos
    repository: ibc
    commit: 6e966f8dba714d108a52ffabbcb0e5c3
  - remote: buf.build
    owner: cosmos
    repository: ics23
    commit: 55085f7c710a45f58fa09947208eb70b
  - remote: buf.build
    owner: googleapis
    repository: googleapis
    commit: 75b4300737fb4efca0831636be94e517
  - remote: buf.build
    owner: penumbra-zone
    repository: penumbra
    commit: 42619f653f4d470291f3d8b68d7ae7ae
